
Microsoft Visual Studio Solution File, Format Version 12.00
# Visual Studio Version 16
VisualStudioVersion = 16.0.30114.105
MinimumVisualStudioVersion = 10.0.40219.1
Project("{FAE04EC0-301F-11D3-BF4B-00C04F79EFBC}") = "NoahCoin", "NoahCoin\NoahCoin.csproj", "{96DA59B6-B84B-4D99-A5A5-8D79F2045C30}"
EndProject
Project("{FAE04EC0-301F-11D3-BF4B-00C04F79EFBC}") = "NoahCoin.Tests", "NoahCoin.Tests\NoahCoin.Tests.csproj", "{76B63B63-14B4-41B9-BD78-A07D9130635C}"
EndProject
Global
	GlobalSection(SolutionConfigurationPlatforms) = preSolution
		Debug|Any CPU = Debug|Any CPU
		Release|Any CPU = Release|Any CPU
	EndGlobalSection
	GlobalSection(SolutionProperties) = preSolution
		HideSolutionNode = FALSE
	EndGlobalSection
	GlobalSection(ProjectConfigurationPlatforms) = postSolution
		{96DA59B6-B84B-4D99-A5A5-8D79F2045C30}.Debug|Any CPU.ActiveCfg = Debug|Any CPU
		{96DA59B6-B84B-4D99-A5A5-8D79F2045C30}.Debug|Any CPU.Build.0 = Debug|Any CPU
		{96DA59B6-B84B-4D99-A5A5-8D79F2045C30}.Release|Any CPU.ActiveCfg = Release|Any CPU
		{96DA59B6-B84B-4D99-A5A5-8D79F2045C30}.Release|Any CPU.Build.0 = Release|Any CPU
		{76B63B63-14B4-41B9-BD78-A07D9130635C}.Debug|Any CPU.ActiveCfg = Debug|Any CPU
		{76B63B63-14B4-41B9-BD78-A07D9130635C}.Debug|Any CPU.Build.0 = Debug|Any CPU
		{76B63B63-14B4-41B9-BD78-A07D9130635C}.Release|Any CPU.ActiveCfg = Release|Any CPU
		{76B63B63-14B4-41B9-BD78-A07D9130635C}.Release|Any CPU.Build.0 = Release|Any CPU
	EndGlobalSection
EndGlobal
